
Microsoft Visual Studio Solution File, Format Version 12.00
# Visual Studio Version 17
VisualStudioVersion = 17.14.37216.2 d17.14
MinimumVisualStudioVersion = 10.0.40219.1
Project("{FAE04EC0-301F-11D3-BF4B-00C04F79EFBC}") = "Save_the_Bite", "Save_the_Bite.csproj", "{6F6A4AE5-0C80-42A1-86DA-5A7808B70D12}"
EndProject
Global
	GlobalSection(SolutionConfigurationPlatforms) = preSolution
		Debug|Any CPU = Debug|Any CPU
		Release|Any CPU = Release|Any CPU
	EndGlobalSection
	GlobalSection(ProjectConfigurationPlatforms) = postSolution
		{6F6A4AE5-0C80-42A1-86DA-5A7808B70D12}.Debug|Any CPU.ActiveCfg = Debug|Any CPU
		{6F6A4AE5-0C80-42A1-86DA-5A7808B70D12}.Debug|Any CPU.Build.0 = Debug|Any CPU
		{6F6A4AE5-0C80-42A1-86DA-5A7808B70D12}.Release|Any CPU.ActiveCfg = Release|Any CPU
		{6F6A4AE5-0C80-42A1-86DA-5A7808B70D12}.Release|Any CPU.Build.0 = Release|Any CPU
	EndGlobalSection
	GlobalSection(SolutionProperties) = preSolution
		HideSolutionNode = FALSE
	EndGlobalSection
	GlobalSection(ExtensibilityGlobals) = postSolution
		SolutionGuid = {3ABDD6BA-C320-4B01-8DD3-6136FE6C977B}
	EndGlobalSection
EndGlobal
